{
  "name": "assets",
  "lockfileVersion": 3,
  "requires": true,
  "packages": {
    "": {
      "hasInstallScript": true,
      "dependencies": {
        "axe-core": "^4.10.1"
      }
    },
    "node_modules/axe-core": {
      "version": "4.10.1",
      "resolved": "https://registry.npmjs.org/axe-core/-/axe-core-4.10.1.tgz",
      "integrity": "sha512-qPC9o+kD8Tir0lzNGLeghbOrWMr3ZJpaRlCIb6Uobt/7N4FiEDvqUMnxzCHRHmg8vOg14kr5gVNyScRmbMaJ9g==",
      "engines": {
        "node": ">=4"
      }
    }
  }
}
