{
  "name": "assets",
  "lockfileVersion": 3,
  "requires": true,
  "packages": {
    "": {
      "hasInstallScript": true,
      "dependencies": {
        "axe-core": "^4.11.3"
      }
    },
    "node_modules/axe-core": {
      "version": "4.11.3",
      "resolved": "https://registry.npmjs.org/axe-core/-/axe-core-4.11.3.tgz",
      "integrity": "sha512-zBQouZixDTbo3jMGqHKyePxYxr1e5W8UdTmBQ7sNtaA9M2bE32daxxPLS/jojhKOHxQ7LWwPjfiwf/fhaJWzlg==",
      "license": "MPL-2.0",
      "engines": {
        "node": ">=4"
      }
    }
  }
}
